// !$*UTF8*$!
{
	archiveVersion = 1;
	classes = {
	};
	objectVersion = 56;
	objects = {

/* Begin PBXBuildFile section */
		1D38918AC32228902C17D20A /* Pods_RickAndMortyMVP.framework in Frameworks */ = {isa = PBXBuildFile; fileRef = BB6909BADE4DA7912DE35979 /* Pods_RickAndMortyMVP.framework */; };
		858F37912A2E75DC00A6CE14 /* AppDelegate.swift in Sources */ = {isa = PBXBuildFile; fileRef = 858F37902A2E75DC00A6CE14 /* AppDelegate.swift */; };
		858F37932A2E75DC00A6CE14 /* SceneDelegate.swift in Sources */ = {isa = PBXBuildFile; fileRef = 858F37922A2E75DC00A6CE14 /* SceneDelegate.swift */; };
		858F37952A2E75DC00A6CE14 /* ViewController.swift in Sources */ = {isa = PBXBuildFile; fileRef = 858F37942A2E75DC00A6CE14 /* ViewController.swift */; };
		858F37982A2E75DC00A6CE14 /* Main.storyboard in Resources */ = {isa = PBXBuildFile; fileRef = 858F37962A2E75DC00A6CE14 /* Main.storyboard */; };
		858F379A2A2E75DD00A6CE14 /* Assets.xcassets in Resources */ = {isa = PBXBuildFile; fileRef = 858F37992A2E75DD00A6CE14 /* Assets.xcassets */; };
		858F379D2A2E75DD00A6CE14 /* LaunchScreen.storyboard in Resources */ = {isa = PBXBuildFile; fileRef = 858F379B2A2E75DD00A6CE14 /* LaunchScreen.storyboard */; };
		858F37A72A2E76C200A6CE14 /* UserAssembly.swift in Sources */ = {isa = PBXBuildFile; fileRef = 858F37A62A2E76C200A6CE14 /* UserAssembly.swift */; };
		858F37A92A2E76E200A6CE14 /* CharactersPresenterProtocol.swift in Sources */ = {isa = PBXBuildFile; fileRef = 858F37A82A2E76E200A6CE14 /* CharactersPresenterProtocol.swift */; };
		858F37AB2A2E770300A6CE14 /* CharactersPresenter.swift in Sources */ = {isa = PBXBuildFile; fileRef = 858F37AA2A2E770300A6CE14 /* CharactersPresenter.swift */; };
		858F37AD2A2E771800A6CE14 /* CharactersRouterProtocol.swift in Sources */ = {isa = PBXBuildFile; fileRef = 858F37AC2A2E771800A6CE14 /* CharactersRouterProtocol.swift */; };
		858F37AF2A2E772F00A6CE14 /* CharactersViewProtocol.swift in Sources */ = {isa = PBXBuildFile; fileRef = 858F37AE2A2E772F00A6CE14 /* CharactersViewProtocol.swift */; };
		858F37B22A2E775100A6CE14 /* UserViewController.swift in Sources */ = {isa = PBXBuildFile; fileRef = 858F37B02A2E775100A6CE14 /* UserViewController.swift */; };
		858F37B52A2E776100A6CE14 /* CharactersViewController.swift in Sources */ = {isa = PBXBuildFile; fileRef = 858F37B42A2E776100A6CE14 /* CharactersViewController.swift */; };
		858F37B72A2E7C7900A6CE14 /* UserViewController.storyboard in Resources */ = {isa = PBXBuildFile; fileRef = 858F37B62A2E7C7900A6CE14 /* UserViewController.storyboard */; };
		85E6B9502A2F80AB00F3843A /* Character.swift in Sources */ = {isa = PBXBuildFile; fileRef = 85E6B94F2A2F80AB00F3843A /* Character.swift */; };
		85E6B9592A2FB69B00F3843A /* CharacterDetailsViewController.swift in Sources */ = {isa = PBXBuildFile; fileRef = 85E6B9582A2FB69B00F3843A /* CharacterDetailsViewController.swift */; };
		85E6B95B2A2FB6A000F3843A /* CharacterDetailsViewController.storyboard in Resources */ = {isa = PBXBuildFile; fileRef = 85E6B95A2A2FB6A000F3843A /* CharacterDetailsViewController.storyboard */; };
		85E6B95F2A30763300F3843A /* CharacterDetailsAssembly.swift in Sources */ = {isa = PBXBuildFile; fileRef = 85E6B95E2A30763300F3843A /* CharacterDetailsAssembly.swift */; };
		85E6B9612A30783C00F3843A /* UserPrenterProtocol.swift in Sources */ = {isa = PBXBuildFile; fileRef = 85E6B9602A30783C00F3843A /* UserPrenterProtocol.swift */; };
		85E6B9632A30784400F3843A /* UserPresenter.swift in Sources */ = {isa = PBXBuildFile; fileRef = 85E6B9622A30784400F3843A /* UserPresenter.swift */; };
		85E6B9652A30790700F3843A /* UserViewProtocol.swift in Sources */ = {isa = PBXBuildFile; fileRef = 85E6B9642A30790700F3843A /* UserViewProtocol.swift */; };
		85E6B9672A30795100F3843A /* UserRouterProtocol.swift in Sources */ = {isa = PBXBuildFile; fileRef = 85E6B9662A30795100F3843A /* UserRouterProtocol.swift */; };
		85E6B96C2A31478900F3843A /* CharacterPresenter.swift in Sources */ = {isa = PBXBuildFile; fileRef = 85E6B96B2A31478900F3843A /* CharacterPresenter.swift */; };
		85E6B96E2A31479800F3843A /* CharacterPresenterProtocol.swift in Sources */ = {isa = PBXBuildFile; fileRef = 85E6B96D2A31479800F3843A /* CharacterPresenterProtocol.swift */; };
		85E6B9702A3147C300F3843A /* CharacterViewProtocol.swift in Sources */ = {isa = PBXBuildFile; fileRef = 85E6B96F2A3147C300F3843A /* CharacterViewProtocol.swift */; };
		85E6B9722A3147D100F3843A /* CharacterRouterProtocol.swift in Sources */ = {isa = PBXBuildFile; fileRef = 85E6B9712A3147D100F3843A /* CharacterRouterProtocol.swift */; };
		85E6B9742A31D28000F3843A /* UserView.swift in Sources */ = {isa = PBXBuildFile; fileRef = 85E6B9732A31D28000F3843A /* UserView.swift */; };
/* End PBXBuildFile section */

/* Begin PBXFileReference section */
		858F378D2A2E75DC00A6CE14 /* RickAndMortyMVP.app */ = {isa = PBXFileReference; explicitFileType = wrapper.application; includeInIndex = 0; path = RickAndMortyMVP.app; sourceTree = BUILT_PRODUCTS_DIR; };
		858F37902A2E75DC00A6CE14 /* AppDelegate.swift */ = {isa = PBXFileReference; lastKnownFileType = sourcecode.swift; path = AppDelegate.swift; sourceTree = "<group>"; };
		858F37922A2E75DC00A6CE14 /* SceneDelegate.swift */ = {isa = PBXFileReference; lastKnownFileType = sourcecode.swift; path = SceneDelegate.swift; sourceTree = "<group>"; };
		858F37942A2E75DC00A6CE14 /* ViewController.swift */ = {isa = PBXFileReference; lastKnownFileType = sourcecode.swift; path = ViewController.swift; sourceTree = "<group>"; };
		858F37972A2E75DC00A6CE14 /* Base */ = {isa = PBXFileReference; lastKnownFileType = file.storyboard; name = Base; path = Base.lproj/Main.storyboard; sourceTree = "<group>"; };
		858F37992A2E75DD00A6CE14 /* Assets.xcassets */ = {isa = PBXFileReference; lastKnownFileType = folder.assetcatalog; path = Assets.xcassets; sourceTree = "<group>"; };
		858F379C2A2E75DD00A6CE14 /* Base */ = {isa = PBXFileReference; lastKnownFileType = file.storyboard; name = Base; path = Base.lproj/LaunchScreen.storyboard; sourceTree = "<group>"; };
		858F379E2A2E75DD00A6CE14 /* Info.plist */ = {isa = PBXFileReference; lastKnownFileType = text.plist.xml; path = Info.plist; sourceTree = "<group>"; };
		858F37A62A2E76C200A6CE14 /* UserAssembly.swift */ = {isa = PBXFileReference; lastKnownFileType = sourcecode.swift; path = UserAssembly.swift; sourceTree = "<group>"; };
		858F37A82A2E76E200A6CE14 /* CharactersPresenterProtocol.swift */ = {isa = PBXFileReference; lastKnownFileType = sourcecode.swift; path = CharactersPresenterProtocol.swift; sourceTree = "<group>"; };
		858F37AA2A2E770300A6CE14 /* CharactersPresenter.swift */ = {isa = PBXFileReference; lastKnownFileType = sourcecode.swift; path = CharactersPresenter.swift; sourceTree = "<group>"; };
		858F37AC2A2E771800A6CE14 /* CharactersRouterProtocol.swift */ = {isa = PBXFileReference; lastKnownFileType = sourcecode.swift; path = CharactersRouterProtocol.swift; sourceTree = "<group>"; };
		858F37AE2A2E772F00A6CE14 /* CharactersViewProtocol.swift */ = {isa = PBXFileReference; lastKnownFileType = sourcecode.swift; path = CharactersViewProtocol.swift; sourceTree = "<group>"; };
		858F37B02A2E775100A6CE14 /* UserViewController.swift */ = {isa = PBXFileReference; lastKnownFileType = sourcecode.swift; path = UserViewController.swift; sourceTree = "<group>"; };
		858F37B42A2E776100A6CE14 /* CharactersViewController.swift */ = {isa = PBXFileReference; lastKnownFileType = sourcecode.swift; path = CharactersViewController.swift; sourceTree = "<group>"; };
		858F37B62A2E7C7900A6CE14 /* UserViewController.storyboard */ = {isa = PBXFileReference; lastKnownFileType = file.storyboard; path = UserViewController.storyboard; sourceTree = "<group>"; };
		85E6B94F2A2F80AB00F3843A /* Character.swift */ = {isa = PBXFileReference; lastKnownFileType = sourcecode.swift; path = Character.swift; sourceTree = "<group>"; };
		85E6B9582A2FB69B00F3843A /* CharacterDetailsViewController.swift */ = {isa = PBXFileReference; lastKnownFileType = sourcecode.swift; path = CharacterDetailsViewController.swift; sourceTree = "<group>"; };
		85E6B95A2A2FB6A000F3843A /* CharacterDetailsViewController.storyboard */ = {isa = PBXFileReference; lastKnownFileType = file.storyboard; path = CharacterDetailsViewController.storyboard; sourceTree = "<group>"; };
		85E6B95E2A30763300F3843A /* CharacterDetailsAssembly.swift */ = {isa = PBXFileReference; lastKnownFileType = sourcecode.swift; path = CharacterDetailsAssembly.swift; sourceTree = "<group>"; };
		85E6B9602A30783C00F3843A /* UserPrenterProtocol.swift */ = {isa = PBXFileReference; lastKnownFileType = sourcecode.swift; path = UserPrenterProtocol.swift; sourceTree = "<group>"; };
		85E6B9622A30784400F3843A /* UserPresenter.swift */ = {isa = PBXFileReference; lastKnownFileType = sourcecode.swift; path = UserPresenter.swift; sourceTree = "<group>"; };
		85E6B9642A30790700F3843A /* UserViewProtocol.swift */ = {isa = PBXFileReference; lastKnownFileType = sourcecode.swift; path = UserViewProtocol.swift; sourceTree = "<group>"; };
		85E6B9662A30795100F3843A /* UserRouterProtocol.swift */ = {isa = PBXFileReference; lastKnownFileType = sourcecode.swift; path = UserRouterProtocol.swift; sourceTree = "<group>"; };
		85E6B96B2A31478900F3843A /* CharacterPresenter.swift */ = {isa = PBXFileReference; lastKnownFileType = sourcecode.swift; path = CharacterPresenter.swift; sourceTree = "<group>"; };
		85E6B96D2A31479800F3843A /* CharacterPresenterProtocol.swift */ = {isa = PBXFileReference; lastKnownFileType = sourcecode.swift; path = CharacterPresenterProtocol.swift; sourceTree = "<group>"; };
		85E6B96F2A3147C300F3843A /* CharacterViewProtocol.swift */ = {isa = PBXFileReference; lastKnownFileType = sourcecode.swift; path = CharacterViewProtocol.swift; sourceTree = "<group>"; };
		85E6B9712A3147D100F3843A /* CharacterRouterProtocol.swift */ = {isa = PBXFileReference; lastKnownFileType = sourcecode.swift; path = CharacterRouterProtocol.swift; sourceTree = "<group>"; };
		85E6B9732A31D28000F3843A /* UserView.swift */ = {isa = PBXFileReference; lastKnownFileType = sourcecode.swift; path = UserView.swift; sourceTree = "<group>"; };
		BB6909BADE4DA7912DE35979 /* Pods_RickAndMortyMVP.framework */ = {isa = PBXFileReference; explicitFileType = wrapper.framework; includeInIndex = 0; path = Pods_RickAndMortyMVP.framework; sourceTree = BUILT_PRODUCTS_DIR; };
		D4135068810E0C9EE009952A /* Pods-RickAndMortyMVP.debug.xcconfig */ = {isa = PBXFileReference; includeInIndex = 1; lastKnownFileType = text.xcconfig; name = "Pods-RickAndMortyMVP.debug.xcconfig"; path = "Target Support Files/Pods-RickAndMortyMVP/Pods-RickAndMortyMVP.debug.xcconfig"; sourceTree = "<group>"; };
		E84FE26F20A0C9D0ED5953DE /* Pods-RickAndMortyMVP.release.xcconfig */ = {isa = PBXFileReference; includeInIndex = 1; lastKnownFileType = text.xcconfig; name = "Pods-RickAndMortyMVP.release.xcconfig"; path = "Target Support Files/Pods-RickAndMortyMVP/Pods-RickAndMortyMVP.release.xcconfig"; sourceTree = "<group>"; };
/* End PBXFileReference section */

/* Begin PBXFrameworksBuildPhase section */
		858F378A2A2E75DC00A6CE14 /* Frameworks */ = {
			isa = PBXFrameworksBuildPhase;
			buildActionMask = 2147483647;
			files = (
				1D38918AC32228902C17D20A /* Pods_RickAndMortyMVP.framework in Frameworks */,
			);
			runOnlyForDeploymentPostprocessing = 0;
		};
/* End PBXFrameworksBuildPhase section */

/* Begin PBXGroup section */
		0E9D50CF917F642F810B4CE6 /* Pods */ = {
			isa = PBXGroup;
			children = (
				D4135068810E0C9EE009952A /* Pods-RickAndMortyMVP.debug.xcconfig */,
				E84FE26F20A0C9D0ED5953DE /* Pods-RickAndMortyMVP.release.xcconfig */,
			);
			path = Pods;
			sourceTree = "<group>";
		};
		858F37842A2E75DC00A6CE14 = {
			isa = PBXGroup;
			children = (
				858F378F2A2E75DC00A6CE14 /* RickAndMortyMVP */,
				858F378E2A2E75DC00A6CE14 /* Products */,
				0E9D50CF917F642F810B4CE6 /* Pods */,
				C6A0B5DD049E506F2140A111 /* Frameworks */,
			);
			sourceTree = "<group>";
		};
		858F378E2A2E75DC00A6CE14 /* Products */ = {
			isa = PBXGroup;
			children = (
				858F378D2A2E75DC00A6CE14 /* RickAndMortyMVP.app */,
			);
			name = Products;
			sourceTree = "<group>";
		};
		858F378F2A2E75DC00A6CE14 /* RickAndMortyMVP */ = {
			isa = PBXGroup;
			children = (
				858F37A42A2E769400A6CE14 /* Moduler */,
				85E6B9512A2F80DD00F3843A /* Model */,
				858F37902A2E75DC00A6CE14 /* AppDelegate.swift */,
				858F37922A2E75DC00A6CE14 /* SceneDelegate.swift */,
				858F37942A2E75DC00A6CE14 /* ViewController.swift */,
				858F37962A2E75DC00A6CE14 /* Main.storyboard */,
				858F37992A2E75DD00A6CE14 /* Assets.xcassets */,
				858F379B2A2E75DD00A6CE14 /* LaunchScreen.storyboard */,
				858F379E2A2E75DD00A6CE14 /* Info.plist */,
			);
			path = RickAndMortyMVP;
			sourceTree = "<group>";
		};
		858F37A42A2E769400A6CE14 /* Moduler */ = {
			isa = PBXGroup;
			children = (
				85E6B9532A2FA0EF00F3843A /* Authorization */,
				85E6B9552A2FB45200F3843A /* CharacterDetails */,
				858F37A52A2E769B00A6CE14 /* Characters */,
			);
			path = Moduler;
			sourceTree = "<group>";
		};
		858F37A52A2E769B00A6CE14 /* Characters */ = {
			isa = PBXGroup;
			children = (
				858F37AE2A2E772F00A6CE14 /* CharactersViewProtocol.swift */,
				858F37B42A2E776100A6CE14 /* CharactersViewController.swift */,
				858F37A82A2E76E200A6CE14 /* CharactersPresenterProtocol.swift */,
				858F37AA2A2E770300A6CE14 /* CharactersPresenter.swift */,
				858F37AC2A2E771800A6CE14 /* CharactersRouterProtocol.swift */,
			);
			path = Characters;
			sourceTree = "<group>";
		};
		85E6B9512A2F80DD00F3843A /* Model */ = {
			isa = PBXGroup;
			children = (
				85E6B94F2A2F80AB00F3843A /* Character.swift */,
			);
			path = Model;
			sourceTree = "<group>";
		};
		85E6B9532A2FA0EF00F3843A /* Authorization */ = {
			isa = PBXGroup;
			children = (
				858F37A62A2E76C200A6CE14 /* UserAssembly.swift */,
				858F37B02A2E775100A6CE14 /* UserViewController.swift */,
				858F37B62A2E7C7900A6CE14 /* UserViewController.storyboard */,
				85E6B9602A30783C00F3843A /* UserPrenterProtocol.swift */,
				85E6B9622A30784400F3843A /* UserPresenter.swift */,
				85E6B9642A30790700F3843A /* UserViewProtocol.swift */,
				85E6B9732A31D28000F3843A /* UserView.swift */,
				85E6B9662A30795100F3843A /* UserRouterProtocol.swift */,
			);
			path = Authorization;
			sourceTree = "<group>";
		};
		85E6B9552A2FB45200F3843A /* CharacterDetails */ = {
			isa = PBXGroup;
			children = (
				85E6B95E2A30763300F3843A /* CharacterDetailsAssembly.swift */,
				85E6B9582A2FB69B00F3843A /* CharacterDetailsViewController.swift */,
				85E6B95A2A2FB6A000F3843A /* CharacterDetailsViewController.storyboard */,
				85E6B96D2A31479800F3843A /* CharacterPresenterProtocol.swift */,
				85E6B96B2A31478900F3843A /* CharacterPresenter.swift */,
				85E6B96F2A3147C300F3843A /* CharacterViewProtocol.swift */,
				85E6B9712A3147D100F3843A /* CharacterRouterProtocol.swift */,
			);
			path = CharacterDetails;
			sourceTree = "<group>";
		};
		C6A0B5DD049E506F2140A111 /* Frameworks */ = {
			isa = PBXGroup;
			children = (
				BB6909BADE4DA7912DE35979 /* Pods_RickAndMortyMVP.framework */,
			);
			name = Frameworks;
			sourceTree = "<group>";
		};
/* End PBXGroup section */

/* Begin PBXNativeTarget section */
		858F378C2A2E75DC00A6CE14 /* RickAndMortyMVP */ = {
			isa = PBXNativeTarget;
			buildConfigurationList = 858F37A12A2E75DD00A6CE14 /* Build configuration list for PBXNativeTarget "RickAndMortyMVP" */;
			buildPhases = (
				85E6B96A2A30BE9C00F3843A /* ShellScript */,
				AE0E3E0AD5122056BB733737 /* [CP] Check Pods Manifest.lock */,
				858F37892A2E75DC00A6CE14 /* Sources */,
				858F378A2A2E75DC00A6CE14 /* Frameworks */,
				858F378B2A2E75DC00A6CE14 /* Resources */,
				43CBA50499756192DFFD4D8F /* [CP] Embed Pods Frameworks */,
			);
			buildRules = (
			);
			dependencies = (
			);
			name = RickAndMortyMVP;
			productName = RickAndMortyMVP;
			productReference = 858F378D2A2E75DC00A6CE14 /* RickAndMortyMVP.app */;
			productType = "com.apple.product-type.application";
		};
/* End PBXNativeTarget section */

/* Begin PBXProject section */
		858F37852A2E75DC00A6CE14 /* Project object */ = {
			isa = PBXProject;
			attributes = {
				BuildIndependentTargetsInParallel = 1;
				LastSwiftUpdateCheck = 1430;
				LastUpgradeCheck = 1430;
				TargetAttributes = {
					858F378C2A2E75DC00A6CE14 = {
						CreatedOnToolsVersion = 14.3.1;
					};
				};
			};
			buildConfigurationList = 858F37882A2E75DC00A6CE14 /* Build configuration list for PBXProject "RickAndMortyMVP" */;
			compatibilityVersion = "Xcode 14.0";
			developmentRegion = en;
			hasScannedForEncodings = 0;
			knownRegions = (
				en,
				Base,
			);
			mainGroup = 858F37842A2E75DC00A6CE14;
			productRefGroup = 858F378E2A2E75DC00A6CE14 /* Products */;
			projectDirPath = "";
			projectRoot = "";
			targets = (
				858F378C2A2E75DC00A6CE14 /* RickAndMortyMVP */,
			);
		};
/* End PBXProject section */

/* Begin PBXResourcesBuildPhase section */
		858F378B2A2E75DC00A6CE14 /* Resources */ = {
			isa = PBXResourcesBuildPhase;
			buildActionMask = 2147483647;
			files = (
				858F379D2A2E75DD00A6CE14 /* LaunchScreen.storyboard in Resources */,
				85E6B95B2A2FB6A000F3843A /* CharacterDetailsViewController.storyboard in Resources */,
				858F37B72A2E7C7900A6CE14 /* UserViewController.storyboard in Resources */,
				858F379A2A2E75DD00A6CE14 /* Assets.xcassets in Resources */,
				858F37982A2E75DC00A6CE14 /* Main.storyboard in Resources */,
			);
			runOnlyForDeploymentPostprocessing = 0;
		};
/* End PBXResourcesBuildPhase section */

/* Begin PBXShellScriptBuildPhase section */
		43CBA50499756192DFFD4D8F /* [CP] Embed Pods Frameworks */ = {
			isa = PBXShellScriptBuildPhase;
			buildActionMask = 2147483647;
			files = (
			);
			inputFileListPaths = (
				"${PODS_ROOT}/Target Support Files/Pods-RickAndMortyMVP/Pods-RickAndMortyMVP-frameworks-${CONFIGURATION}-input-files.xcfilelist",
			);
			name = "[CP] Embed Pods Frameworks";
			outputFileListPaths = (
				"${PODS_ROOT}/Target Support Files/Pods-RickAndMortyMVP/Pods-RickAndMortyMVP-frameworks-${CONFIGURATION}-output-files.xcfilelist",
			);
			runOnlyForDeploymentPostprocessing = 0;
			shellPath = /bin/sh;
			shellScript = "\"${PODS_ROOT}/Target Support Files/Pods-RickAndMortyMVP/Pods-RickAndMortyMVP-frameworks.sh\"\n";
			showEnvVarsInLog = 0;
		};
		85E6B96A2A30BE9C00F3843A /* ShellScript */ = {
			isa = PBXShellScriptBuildPhase;
			buildActionMask = 2147483647;
			files = (
			);
			inputFileListPaths = (
			);
			inputPaths = (
			);
			outputFileListPaths = (
			);
			outputPaths = (
			);
			runOnlyForDeploymentPostprocessing = 0;
			shellPath = /bin/sh;
			shellScript = "${PODS_ROOT}/SwiftLint/swiftlint\n${PODS_ROOT}/SwiftLint/swiftlint --fix\n";
		};
		AE0E3E0AD5122056BB733737 /* [CP] Check Pods Manifest.lock */ = {
			isa = PBXShellScriptBuildPhase;
			buildActionMask = 2147483647;
			files = (
			);
			inputFileListPaths = (
			);
			inputPaths = (
				"${PODS_PODFILE_DIR_PATH}/Podfile.lock",
				"${PODS_ROOT}/Manifest.lock",
			);
			name = "[CP] Check Pods Manifest.lock";
			outputFileListPaths = (
			);
			outputPaths = (
				"$(DERIVED_FILE_DIR)/Pods-RickAndMortyMVP-checkManifestLockResult.txt",
			);
			runOnlyForDeploymentPostprocessing = 0;
			shellPath = /bin/sh;
			shellScript = "diff \"${PODS_PODFILE_DIR_PATH}/Podfile.lock\" \"${PODS_ROOT}/Manifest.lock\" > /dev/null\nif [ $? != 0 ] ; then\n    # print error to STDERR\n    echo \"error: The sandbox is not in sync with the Podfile.lock. Run 'pod install' or update your CocoaPods installation.\" >&2\n    exit 1\nfi\n# This output is used by Xcode 'outputs' to avoid re-running this script phase.\necho \"SUCCESS\" > \"${SCRIPT_OUTPUT_FILE_0}\"\n";
			showEnvVarsInLog = 0;
		};
/* End PBXShellScriptBuildPhase section */

/* Begin PBXSourcesBuildPhase section */
		858F37892A2E75DC00A6CE14 /* Sources */ = {
			isa = PBXSourcesBuildPhase;
			buildActionMask = 2147483647;
			files = (
				85E6B9592A2FB69B00F3843A /* CharacterDetailsViewController.swift in Sources */,
				858F37952A2E75DC00A6CE14 /* ViewController.swift in Sources */,
				858F37912A2E75DC00A6CE14 /* AppDelegate.swift in Sources */,
				85E6B9632A30784400F3843A /* UserPresenter.swift in Sources */,
				85E6B9612A30783C00F3843A /* UserPrenterProtocol.swift in Sources */,
				85E6B9502A2F80AB00F3843A /* Character.swift in Sources */,
				858F37AB2A2E770300A6CE14 /* CharactersPresenter.swift in Sources */,
				85E6B96E2A31479800F3843A /* CharacterPresenterProtocol.swift in Sources */,
				85E6B9722A3147D100F3843A /* CharacterRouterProtocol.swift in Sources */,
				85E6B95F2A30763300F3843A /* CharacterDetailsAssembly.swift in Sources */,
				858F37A92A2E76E200A6CE14 /* CharactersPresenterProtocol.swift in Sources */,
				85E6B9742A31D28000F3843A /* UserView.swift in Sources */,
				858F37B52A2E776100A6CE14 /* CharactersViewController.swift in Sources */,
				858F37AF2A2E772F00A6CE14 /* CharactersViewProtocol.swift in Sources */,
				858F37AD2A2E771800A6CE14 /* CharactersRouterProtocol.swift in Sources */,
				85E6B96C2A31478900F3843A /* CharacterPresenter.swift in Sources */,
				858F37932A2E75DC00A6CE14 /* SceneDelegate.swift in Sources */,
				85E6B9652A30790700F3843A /* UserViewProtocol.swift in Sources */,
				85E6B9702A3147C300F3843A /* CharacterViewProtocol.swift in Sources */,
				858F37A72A2E76C200A6CE14 /* UserAssembly.swift in Sources */,
				858F37B22A2E775100A6CE14 /* UserViewController.swift in Sources */,
				85E6B9672A30795100F3843A /* UserRouterProtocol.swift in Sources */,
			);
			runOnlyForDeploymentPostprocessing = 0;
		};
/* End PBXSourcesBuildPhase section */

/* Begin PBXVariantGroup section */
		858F37962A2E75DC00A6CE14 /* Main.storyboard */ = {
			isa = PBXVariantGroup;
			children = (
				858F37972A2E75DC00A6CE14 /* Base */,
			);
			name = Main.storyboard;
			sourceTree = "<group>";
		};
		858F379B2A2E75DD00A6CE14 /* LaunchScreen.storyboard */ = {
			isa = PBXVariantGroup;
			children = (
				858F379C2A2E75DD00A6CE14 /* Base */,
			);
			name = LaunchScreen.storyboard;
			sourceTree = "<group>";
		};
/* End PBXVariantGroup section */

/* Begin XCBuildConfiguration section */
		858F379F2A2E75DD00A6CE14 /* Debug */ = {
			isa = XCBuildConfiguration;
			buildSettings = {
				ALWAYS_SEARCH_USER_PATHS = NO;
				CLANG_ANALYZER_NONNULL = YES;
				CLANG_ANALYZER_NUMBER_OBJECT_CONVERSION = YES_AGGRESSIVE;
				CLANG_CXX_LANGUAGE_STANDARD = "gnu++20";
				CLANG_ENABLE_MODULES = YES;
				CLANG_ENABLE_OBJC_ARC = YES;
				CLANG_ENABLE_OBJC_WEAK = YES;
				CLANG_WARN_BLOCK_CAPTURE_AUTORELEASING = YES;
				CLANG_WARN_BOOL_CONVERSION = YES;
				CLANG_WARN_COMMA = YES;
				CLANG_WARN_CONSTANT_CONVERSION = YES;
				CLANG_WARN_DEPRECATED_OBJC_IMPLEMENTATIONS = YES;
				CLANG_WARN_DIRECT_OBJC_ISA_USAGE = YES_ERROR;
				CLANG_WARN_DOCUMENTATION_COMMENTS = YES;
				CLANG_WARN_EMPTY_BODY = YES;
				CLANG_WARN_ENUM_CONVERSION = YES;
				CLANG_WARN_INFINITE_RECURSION = YES;
				CLANG_WARN_INT_CONVERSION = YES;
				CLANG_WARN_NON_LITERAL_NULL_CONVERSION = YES;
				CLANG_WARN_OBJC_IMPLICIT_RETAIN_SELF = YES;
				CLANG_WARN_OBJC_LITERAL_CONVERSION = YES;
				CLANG_WARN_OBJC_ROOT_CLASS = YES_ERROR;
				CLANG_WARN_QUOTED_INCLUDE_IN_FRAMEWORK_HEADER = YES;
				CLANG_WARN_RANGE_LOOP_ANALYSIS = YES;
				CLANG_WARN_STRICT_PROTOTYPES = YES;
				CLANG_WARN_SUSPICIOUS_MOVE = YES;
				CLANG_WARN_UNGUARDED_AVAILABILITY = YES_AGGRESSIVE;
				CLANG_WARN_UNREACHABLE_CODE = YES;
				CLANG_WARN__DUPLICATE_METHOD_MATCH = YES;
				COPY_PHASE_STRIP = NO;
				DEBUG_INFORMATION_FORMAT = dwarf;
				ENABLE_STRICT_OBJC_MSGSEND = YES;
				ENABLE_TESTABILITY = YES;
				GCC_C_LANGUAGE_STANDARD = gnu11;
				GCC_DYNAMIC_NO_PIC = NO;
				GCC_NO_COMMON_BLOCKS = YES;
				GCC_OPTIMIZATION_LEVEL = 0;
				GCC_PREPROCESSOR_DEFINITIONS = (
					"DEBUG=1",
					"$(inherited)",
				);
				GCC_WARN_64_TO_32_BIT_CONVERSION = YES;
				GCC_WARN_ABOUT_RETURN_TYPE = YES_ERROR;
				GCC_WARN_UNDECLARED_SELECTOR = YES;
				GCC_WARN_UNINITIALIZED_AUTOS = YES_AGGRESSIVE;
				GCC_WARN_UNUSED_FUNCTION = YES;
				GCC_WARN_UNUSED_VARIABLE = YES;
				IPHONEOS_DEPLOYMENT_TARGET = 16.4;
				MTL_ENABLE_DEBUG_INFO = INCLUDE_SOURCE;
				MTL_FAST_MATH = YES;
				ONLY_ACTIVE_ARCH = YES;
				SDKROOT = iphoneos;
				SWIFT_ACTIVE_COMPILATION_CONDITIONS = DEBUG;
				SWIFT_OPTIMIZATION_LEVEL = "-Onone";
			};
			name = Debug;
		};
		858F37A02A2E75DD00A6CE14 /* Release */ = {
			isa = XCBuildConfiguration;
			buildSettings = {
				ALWAYS_SEARCH_USER_PATHS = NO;
				CLANG_ANALYZER_NONNULL = YES;
				CLANG_ANALYZER_NUMBER_OBJECT_CONVERSION = YES_AGGRESSIVE;
				CLANG_CXX_LANGUAGE_STANDARD = "gnu++20";
				CLANG_ENABLE_MODULES = YES;
				CLANG_ENABLE_OBJC_ARC = YES;
				CLANG_ENABLE_OBJC_WEAK = YES;
				CLANG_WARN_BLOCK_CAPTURE_AUTORELEASING = YES;
				CLANG_WARN_BOOL_CONVERSION = YES;
				CLANG_WARN_COMMA = YES;
				CLANG_WARN_CONSTANT_CONVERSION = YES;
				CLANG_WARN_DEPRECATED_OBJC_IMPLEMENTATIONS = YES;
				CLANG_WARN_DIRECT_OBJC_ISA_USAGE = YES_ERROR;
				CLANG_WARN_DOCUMENTATION_COMMENTS = YES;
				CLANG_WARN_EMPTY_BODY = YES;
				CLANG_WARN_ENUM_CONVERSION = YES;
				CLANG_WARN_INFINITE_RECURSION = YES;
				CLANG_WARN_INT_CONVERSION = YES;
				CLANG_WARN_NON_LITERAL_NULL_CONVERSION = YES;
				CLANG_WARN_OBJC_IMPLICIT_RETAIN_SELF = YES;
				CLANG_WARN_OBJC_LITERAL_CONVERSION = YES;
				CLANG_WARN_OBJC_ROOT_CLASS = YES_ERROR;
				CLANG_WARN_QUOTED_INCLUDE_IN_FRAMEWORK_HEADER = YES;
				CLANG_WARN_RANGE_LOOP_ANALYSIS = YES;
				CLANG_WARN_STRICT_PROTOTYPES = YES;
				CLANG_WARN_SUSPICIOUS_MOVE = YES;
				CLANG_WARN_UNGUARDED_AVAILABILITY = YES_AGGRESSIVE;
				CLANG_WARN_UNREACHABLE_CODE = YES;
				CLANG_WARN__DUPLICATE_METHOD_MATCH = YES;
				COPY_PHASE_STRIP = NO;
				DEBUG_INFORMATION_FORMAT = "dwarf-with-dsym";
				ENABLE_NS_ASSERTIONS = NO;
				ENABLE_STRICT_OBJC_MSGSEND = YES;
				GCC_C_LANGUAGE_STANDARD = gnu11;
				GCC_NO_COMMON_BLOCKS = YES;
				GCC_WARN_64_TO_32_BIT_CONVERSION = YES;
				GCC_WARN_ABOUT_RETURN_TYPE = YES_ERROR;
				GCC_WARN_UNDECLARED_SELECTOR = YES;
				GCC_WARN_UNINITIALIZED_AUTOS = YES_AGGRESSIVE;
				GCC_WARN_UNUSED_FUNCTION = YES;
				GCC_WARN_UNUSED_VARIABLE = YES;
				IPHONEOS_DEPLOYMENT_TARGET = 16.4;
				MTL_ENABLE_DEBUG_INFO = NO;
				MTL_FAST_MATH = YES;
				SDKROOT = iphoneos;
				SWIFT_COMPILATION_MODE = wholemodule;
				SWIFT_OPTIMIZATION_LEVEL = "-O";
				VALIDATE_PRODUCT = YES;
			};
			name = Release;
		};
		858F37A22A2E75DD00A6CE14 /* Debug */ = {
			isa = XCBuildConfiguration;
			baseConfigurationReference = D4135068810E0C9EE009952A /* Pods-RickAndMortyMVP.debug.xcconfig */;
			buildSettings = {
				ASSETCATALOG_COMPILER_APPICON_NAME = AppIcon;
				ASSETCATALOG_COMPILER_GLOBAL_ACCENT_COLOR_NAME = AccentColor;
				CODE_SIGN_STYLE = Automatic;
				CURRENT_PROJECT_VERSION = 1;
				DEVELOPMENT_TEAM = J469L39645;
				GENERATE_INFOPLIST_FILE = YES;
				INFOPLIST_FILE = RickAndMortyMVP/Info.plist;
				INFOPLIST_KEY_UIApplicationSupportsIndirectInputEvents = YES;
				INFOPLIST_KEY_UILaunchStoryboardName = LaunchScreen;
				INFOPLIST_KEY_UIMainStoryboardFile = Main;
				INFOPLIST_KEY_UISupportedInterfaceOrientations_iPad = "UIInterfaceOrientationPortrait UIInterfaceOrientationPortraitUpsideDown UIInterfaceOrientationLandscapeLeft UIInterfaceOrientationLandscapeRight";
				INFOPLIST_KEY_UISupportedInterfaceOrientations_iPhone = "UIInterfaceOrientationPortrait UIInterfaceOrientationLandscapeLeft UIInterfaceOrientationLandscapeRight";
				LD_RUNPATH_SEARCH_PATHS = (
					"$(inherited)",
					"@executable_path/Frameworks",
				);
				MARKETING_VERSION = 1.0;
				PRODUCT_BUNDLE_IDENTIFIER = edu.self.RickAndMortyMVP;
				PRODUCT_NAME = "$(TARGET_NAME)";
				SWIFT_EMIT_LOC_STRINGS = YES;
				SWIFT_VERSION = 5.0;
				TARGETED_DEVICE_FAMILY = "1,2";
			};
			name = Debug;
		};
		858F37A32A2E75DD00A6CE14 /* Release */ = {
			isa = XCBuildConfiguration;
			baseConfigurationReference = E84FE26F20A0C9D0ED5953DE /* Pods-RickAndMortyMVP.release.xcconfig */;
			buildSettings = {
				ASSETCATALOG_COMPILER_APPICON_NAME = AppIcon;
				ASSETCATALOG_COMPILER_GLOBAL_ACCENT_COLOR_NAME = AccentColor;
				CODE_SIGN_STYLE = Automatic;
				CURRENT_PROJECT_VERSION = 1;
				DEVELOPMENT_TEAM = J469L39645;
				GENERATE_INFOPLIST_FILE = YES;
				INFOPLIST_FILE = RickAndMortyMVP/Info.plist;
				INFOPLIST_KEY_UIApplicationSupportsIndirectInputEvents = YES;
				INFOPLIST_KEY_UILaunchStoryboardName = LaunchScreen;
				INFOPLIST_KEY_UIMainStoryboardFile = Main;
				INFOPLIST_KEY_UISupportedInterfaceOrientations_iPad = "UIInterfaceOrientationPortrait UIInterfaceOrientationPortraitUpsideDown UIInterfaceOrientationLandscapeLeft UIInterfaceOrientationLandscapeRight";
				INFOPLIST_KEY_UISupportedInterfaceOrientations_iPhone = "UIInterfaceOrientationPortrait UIInterfaceOrientationLandscapeLeft UIInterfaceOrientationLandscapeRight";
				LD_RUNPATH_SEARCH_PATHS = (
					"$(inherited)",
					"@executable_path/Frameworks",
				);
				MARKETING_VERSION = 1.0;
				PRODUCT_BUNDLE_IDENTIFIER = edu.self.RickAndMortyMVP;
				PRODUCT_NAME = "$(TARGET_NAME)";
				SWIFT_EMIT_LOC_STRINGS = YES;
				SWIFT_VERSION = 5.0;
				TARGETED_DEVICE_FAMILY = "1,2";
			};
			name = Release;
		};
/* End XCBuildConfiguration section */

/* Begin XCConfigurationList section */
		858F37882A2E75DC00A6CE14 /* Build configuration list for PBXProject "RickAndMortyMVP" */ = {
			isa = XCConfigurationList;
			buildConfigurations = (
				858F379F2A2E75DD00A6CE14 /* Debug */,
				858F37A02A2E75DD00A6CE14 /* Release */,
			);
			defaultConfigurationIsVisible = 0;
			defaultConfigurationName = Release;
		};
		858F37A12A2E75DD00A6CE14 /* Build configuration list for PBXNativeTarget "RickAndMortyMVP" */ = {
			isa = XCConfigurationList;
			buildConfigurations = (
				858F37A22A2E75DD00A6CE14 /* Debug */,
				858F37A32A2E75DD00A6CE14 /* Release */,
			);
			defaultConfigurationIsVisible = 0;
			defaultConfigurationName = Release;
		};
/* End XCConfigurationList section */
	};
	rootObject = 858F37852A2E75DC00A6CE14 /* Project object */;
}
